
Microsoft Visual Studio Solution File, Format Version 12.00
# Visual Studio Version 16
VisualStudioVersion = 16.0.29409.12
MinimumVisualStudioVersion = 10.0.40219.1
Project("{9A19103F-16F7-4668-BE54-9A1E7A4F7556}") = "EasySharp.Proxy", "EasySharp.Proxy\EasySharp.Proxy.csproj", "{909A1CBB-9A89-468B-8D66-14CB498574F9}"
EndProject
Project("{9A19103F-16F7-4668-BE54-9A1E7A4F7556}") = "EasySharp.Proxy.Service", "EasySharp.Proxy.Service\EasySharp.Proxy.Service.csproj", "{D85CD1DD-60A5-4FCE-A40D-327333BB2D11}"
EndProject
Project("{9A19103F-16F7-4668-BE54-9A1E7A4F7556}") = "EasySharp.Proxy.Test", "EasySharp.Proxy.Test\EasySharp.Proxy.Test.csproj", "{FDB745D5-3CC6-4FC7-9E53-9CEB511C29F0}"
EndProject
Project("{9A19103F-16F7-4668-BE54-9A1E7A4F7556}") = "EasySharp.Proxy.XUnitTest", "EasySharp.Proxy.XUnitTest\EasySharp.Proxy.XUnitTest.csproj", "{2A080E56-13EB-48C1-8FC9-8DBA7323B986}"
EndProject
Project("{9A19103F-16F7-4668-BE54-9A1E7A4F7556}") = "EasySharp.Logger.Interceptor", "EasySharp.Logger.Interceptor\EasySharp.Logger.Interceptor.csproj", "{D99B2DA2-AC03-462C-BCA7-4ECBE36F2034}"
EndProject
Global
	GlobalSection(SolutionConfigurationPlatforms) = preSolution
		Debug|Any CPU = Debug|Any CPU
		Release|Any CPU = Release|Any CPU
	EndGlobalSection
	GlobalSection(ProjectConfigurationPlatforms) = postSolution
		{909A1CBB-9A89-468B-8D66-14CB498574F9}.Debug|Any CPU.ActiveCfg = Debug|Any CPU
		{909A1CBB-9A89-468B-8D66-14CB498574F9}.Debug|Any CPU.Build.0 = Debug|Any CPU
		{909A1CBB-9A89-468B-8D66-14CB498574F9}.Release|Any CPU.ActiveCfg = Release|Any CPU
		{909A1CBB-9A89-468B-8D66-14CB498574F9}.Release|Any CPU.Build.0 = Release|Any CPU
		{D85CD1DD-60A5-4FCE-A40D-327333BB2D11}.Debug|Any CPU.ActiveCfg = Debug|Any CPU
		{D85CD1DD-60A5-4FCE-A40D-327333BB2D11}.Debug|Any CPU.Build.0 = Debug|Any CPU
		{D85CD1DD-60A5-4FCE-A40D-327333BB2D11}.Release|Any CPU.ActiveCfg = Release|Any CPU
		{D85CD1DD-60A5-4FCE-A40D-327333BB2D11}.Release|Any CPU.Build.0 = Release|Any CPU
		{FDB745D5-3CC6-4FC7-9E53-9CEB511C29F0}.Debug|Any CPU.ActiveCfg = Debug|Any CPU
		{FDB745D5-3CC6-4FC7-9E53-9CEB511C29F0}.Debug|Any CPU.Build.0 = Debug|Any CPU
		{FDB745D5-3CC6-4FC7-9E53-9CEB511C29F0}.Release|Any CPU.ActiveCfg = Release|Any CPU
		{FDB745D5-3CC6-4FC7-9E53-9CEB511C29F0}.Release|Any CPU.Build.0 = Release|Any CPU
		{2A080E56-13EB-48C1-8FC9-8DBA7323B986}.Debug|Any CPU.ActiveCfg = Debug|Any CPU
		{2A080E56-13EB-48C1-8FC9-8DBA7323B986}.Debug|Any CPU.Build.0 = Debug|Any CPU
		{2A080E56-13EB-48C1-8FC9-8DBA7323B986}.Release|Any CPU.ActiveCfg = Release|Any CPU
		{2A080E56-13EB-48C1-8FC9-8DBA7323B986}.Release|Any CPU.Build.0 = Release|Any CPU
		{D99B2DA2-AC03-462C-BCA7-4ECBE36F2034}.Debug|Any CPU.ActiveCfg = Debug|Any CPU
		{D99B2DA2-AC03-462C-BCA7-4ECBE36F2034}.Debug|Any CPU.Build.0 = Debug|Any CPU
		{D99B2DA2-AC03-462C-BCA7-4ECBE36F2034}.Release|Any CPU.ActiveCfg = Release|Any CPU
		{D99B2DA2-AC03-462C-BCA7-4ECBE36F2034}.Release|Any CPU.Build.0 = Release|Any CPU
	EndGlobalSection
	GlobalSection(SolutionProperties) = preSolution
		HideSolutionNode = FALSE
	EndGlobalSection
	GlobalSection(ExtensibilityGlobals) = postSolution
		SolutionGuid = {AB2087C1-3628-4893-B1C2-CE182778D69E}
	EndGlobalSection
EndGlobal
